
Microsoft Visual Studio Solution File, Format Version 12.00
# Visual Studio Version 16
VisualStudioVersion = 16.0.31321.278
MinimumVisualStudioVersion = 10.0.40219.1
Project("{FAE04EC0-301F-11D3-BF4B-00C04F79EFBC}") = "TestingApp", "TestingApp\TestingApp.csproj", "{289D3C75-6FCC-48F5-8657-65441CF2DE18}"
EndProject
Global
	GlobalSection(SolutionConfigurationPlatforms) = preSolution
		Debug|Any CPU = Debug|Any CPU
		Release|Any CPU = Release|Any CPU
	EndGlobalSection
	GlobalSection(ProjectConfigurationPlatforms) = postSolution
		{289D3C75-6FCC-48F5-8657-65441CF2DE18}.Debug|Any CPU.ActiveCfg = Debug|Any CPU
		{289D3C75-6FCC-48F5-8657-65441CF2DE18}.Debug|Any CPU.Build.0 = Debug|Any CPU
		{289D3C75-6FCC-48F5-8657-65441CF2DE18}.Release|Any CPU.ActiveCfg = Release|Any CPU
		{289D3C75-6FCC-48F5-8657-65441CF2DE18}.Release|Any CPU.Build.0 = Release|Any CPU
	EndGlobalSection
	GlobalSection(SolutionProperties) = preSolution
		HideSolutionNode = FALSE
	EndGlobalSection
	GlobalSection(ExtensibilityGlobals) = postSolution
		SolutionGuid = {2037C017-1C30-42B7-A2A8-BDD04753CFFD}
	EndGlobalSection
EndGlobal
